# This file is automatically @generated by Cargo.
# It is not intended for manual editing.
version = 4

[[package]]
name = "algorithms"
version = "0.1.0"

[[package]]
name = "data_structures"
version = "0.1.0"

[[package]]
name = "leetcode_questions"
version = "0.1.0"

[[package]]
name = "rust_specifics"
version = "0.1.0"

[[package]]
name = "things-a-developer-should-know"
version = "0.1.0"
